// !$*UTF8*$!
{
	archiveVersion = 1;
	classes = {
	};
	objectVersion = 55;
	objects = {

/* Begin PBXBuildFile section */
		C15754F427FB5E1B00F2F44D /* RealmToDoAppApp.swift in Sources */ = {isa = PBXBuildFile; fileRef = C15754F327FB5E1B00F2F44D /* RealmToDoAppApp.swift */; };
		C15754F627FB5E1B00F2F44D /* ToDoListView.swift in Sources */ = {isa = PBXBuildFile; fileRef = C15754F527FB5E1B00F2F44D /* ToDoListView.swift */; };
		C15754F827FB5E1D00F2F44D /* Assets.xcassets in Resources */ = {isa = PBXBuildFile; fileRef = C15754F727FB5E1D00F2F44D /* Assets.xcassets */; };
		C15754FB27FB5E1D00F2F44D /* Preview Assets.xcassets in Resources */ = {isa = PBXBuildFile; fileRef = C15754FA27FB5E1D00F2F44D /* Preview Assets.xcassets */; };
		C157550227FB602300F2F44D /* Launch Screen.storyboard in Resources */ = {isa = PBXBuildFile; fileRef = C157550127FB602300F2F44D /* Launch Screen.storyboard */; };
		C157550527FB621800F2F44D /* Realm in Frameworks */ = {isa = PBXBuildFile; productRef = C157550427FB621800F2F44D /* Realm */; };
		C157550727FB621800F2F44D /* RealmSwift in Frameworks */ = {isa = PBXBuildFile; productRef = C157550627FB621800F2F44D /* RealmSwift */; };
		C157550A27FB62A200F2F44D /* ToDo.swift in Sources */ = {isa = PBXBuildFile; fileRef = C157550927FB62A200F2F44D /* ToDo.swift */; };
		C157550D27FB757B00F2F44D /* ToDoListRow.swift in Sources */ = {isa = PBXBuildFile; fileRef = C157550C27FB757B00F2F44D /* ToDoListRow.swift */; };
		C157550F27FBFAAF00F2F44D /* MainTabView.swift in Sources */ = {isa = PBXBuildFile; fileRef = C157550E27FBFAAF00F2F44D /* MainTabView.swift */; };
		C157551127FC05D500F2F44D /* Country.swift in Sources */ = {isa = PBXBuildFile; fileRef = C157551027FC05D500F2F44D /* Country.swift */; };
		C157551327FC062000F2F44D /* City.swift in Sources */ = {isa = PBXBuildFile; fileRef = C157551227FC062000F2F44D /* City.swift */; };
		C157551527FC069D00F2F44D /* CountriesListView.swift in Sources */ = {isa = PBXBuildFile; fileRef = C157551427FC069D00F2F44D /* CountriesListView.swift */; };
/* End PBXBuildFile section */

/* Begin PBXFileReference section */
		C15754F027FB5E1B00F2F44D /* RealmToDoApp.app */ = {isa = PBXFileReference; explicitFileType = wrapper.application; includeInIndex = 0; path = RealmToDoApp.app; sourceTree = BUILT_PRODUCTS_DIR; };
		C15754F327FB5E1B00F2F44D /* RealmToDoAppApp.swift */ = {isa = PBXFileReference; lastKnownFileType = sourcecode.swift; path = RealmToDoAppApp.swift; sourceTree = "<group>"; };
		C15754F527FB5E1B00F2F44D /* ToDoListView.swift */ = {isa = PBXFileReference; lastKnownFileType = sourcecode.swift; path = ToDoListView.swift; sourceTree = "<group>"; };
		C15754F727FB5E1D00F2F44D /* Assets.xcassets */ = {isa = PBXFileReference; lastKnownFileType = folder.assetcatalog; path = Assets.xcassets; sourceTree = "<group>"; };
		C15754FA27FB5E1D00F2F44D /* Preview Assets.xcassets */ = {isa = PBXFileReference; lastKnownFileType = folder.assetcatalog; path = "Preview Assets.xcassets"; sourceTree = "<group>"; };
		C157550127FB602300F2F44D /* Launch Screen.storyboard */ = {isa = PBXFileReference; lastKnownFileType = file.storyboard; path = "Launch Screen.storyboard"; sourceTree = "<group>"; };
		C157550927FB62A200F2F44D /* ToDo.swift */ = {isa = PBXFileReference; lastKnownFileType = sourcecode.swift; path = ToDo.swift; sourceTree = "<group>"; };
		C157550C27FB757B00F2F44D /* ToDoListRow.swift */ = {isa = PBXFileReference; lastKnownFileType = sourcecode.swift; path = ToDoListRow.swift; sourceTree = "<group>"; };
		C157550E27FBFAAF00F2F44D /* MainTabView.swift */ = {isa = PBXFileReference; lastKnownFileType = sourcecode.swift; path = MainTabView.swift; sourceTree = "<group>"; };
		C157551027FC05D500F2F44D /* Country.swift */ = {isa = PBXFileReference; lastKnownFileType = sourcecode.swift; path = Country.swift; sourceTree = "<group>"; };
		C157551227FC062000F2F44D /* City.swift */ = {isa = PBXFileReference; lastKnownFileType = sourcecode.swift; path = City.swift; sourceTree = "<group>"; };
		C157551427FC069D00F2F44D /* CountriesListView.swift */ = {isa = PBXFileReference; lastKnownFileType = sourcecode.swift; path = CountriesListView.swift; sourceTree = "<group>"; };
/* End PBXFileReference section */

/* Begin PBXFrameworksBuildPhase section */
		C15754ED27FB5E1B00F2F44D /* Frameworks */ = {
			isa = PBXFrameworksBuildPhase;
			buildActionMask = 2147483647;
			files = (
				C157550727FB621800F2F44D /* RealmSwift in Frameworks */,
				C157550527FB621800F2F44D /* Realm in Frameworks */,
			);
			runOnlyForDeploymentPostprocessing = 0;
		};
/* End PBXFrameworksBuildPhase section */

/* Begin PBXGroup section */
		C15754E727FB5E1B00F2F44D = {
			isa = PBXGroup;
			children = (
				C15754F227FB5E1B00F2F44D /* RealmToDoApp */,
				C15754F127FB5E1B00F2F44D /* Products */,
			);
			sourceTree = "<group>";
		};
		C15754F127FB5E1B00F2F44D /* Products */ = {
			isa = PBXGroup;
			children = (
				C15754F027FB5E1B00F2F44D /* RealmToDoApp.app */,
			);
			name = Products;
			sourceTree = "<group>";
		};
		C15754F227FB5E1B00F2F44D /* RealmToDoApp */ = {
			isa = PBXGroup;
			children = (
				C157550B27FB756300F2F44D /* View */,
				C157550827FB628700F2F44D /* Model */,
				C15754F327FB5E1B00F2F44D /* RealmToDoAppApp.swift */,
				C15754F727FB5E1D00F2F44D /* Assets.xcassets */,
				C157550127FB602300F2F44D /* Launch Screen.storyboard */,
				C15754F927FB5E1D00F2F44D /* Preview Content */,
			);
			path = RealmToDoApp;
			sourceTree = "<group>";
		};
		C15754F927FB5E1D00F2F44D /* Preview Content */ = {
			isa = PBXGroup;
			children = (
				C15754FA27FB5E1D00F2F44D /* Preview Assets.xcassets */,
			);
			path = "Preview Content";
			sourceTree = "<group>";
		};
		C157550827FB628700F2F44D /* Model */ = {
			isa = PBXGroup;
			children = (
				C157550927FB62A200F2F44D /* ToDo.swift */,
				C157551027FC05D500F2F44D /* Country.swift */,
				C157551227FC062000F2F44D /* City.swift */,
			);
			path = Model;
			sourceTree = "<group>";
		};
		C157550B27FB756300F2F44D /* View */ = {
			isa = PBXGroup;
			children = (
				C157550E27FBFAAF00F2F44D /* MainTabView.swift */,
				C15754F527FB5E1B00F2F44D /* ToDoListView.swift */,
				C157550C27FB757B00F2F44D /* ToDoListRow.swift */,
				C157551427FC069D00F2F44D /* CountriesListView.swift */,
			);
			path = View;
			sourceTree = "<group>";
		};
/* End PBXGroup section */

/* Begin PBXNativeTarget section */
		C15754EF27FB5E1B00F2F44D /* RealmToDoApp */ = {
			isa = PBXNativeTarget;
			buildConfigurationList = C15754FE27FB5E1D00F2F44D /* Build configuration list for PBXNativeTarget "RealmToDoApp" */;
			buildPhases = (
				C15754EC27FB5E1B00F2F44D /* Sources */,
				C15754ED27FB5E1B00F2F44D /* Frameworks */,
				C15754EE27FB5E1B00F2F44D /* Resources */,
			);
			buildRules = (
			);
			dependencies = (
			);
			name = RealmToDoApp;
			packageProductDependencies = (
				C157550427FB621800F2F44D /* Realm */,
				C157550627FB621800F2F44D /* RealmSwift */,
			);
			productName = RealmToDoApp;
			productReference = C15754F027FB5E1B00F2F44D /* RealmToDoApp.app */;
			productType = "com.apple.product-type.application";
		};
/* End PBXNativeTarget section */

/* Begin PBXProject section */
		C15754E827FB5E1B00F2F44D /* Project object */ = {
			isa = PBXProject;
			attributes = {
				BuildIndependentTargetsInParallel = 1;
				LastSwiftUpdateCheck = 1330;
				LastUpgradeCheck = 1330;
				TargetAttributes = {
					C15754EF27FB5E1B00F2F44D = {
						CreatedOnToolsVersion = 13.3;
					};
				};
			};
			buildConfigurationList = C15754EB27FB5E1B00F2F44D /* Build configuration list for PBXProject "RealmToDoApp" */;
			compatibilityVersion = "Xcode 13.0";
			developmentRegion = en;
			hasScannedForEncodings = 0;
			knownRegions = (
				en,
				Base,
			);
			mainGroup = C15754E727FB5E1B00F2F44D;
			packageReferences = (
				C157550327FB621800F2F44D /* XCRemoteSwiftPackageReference "realm-swift" */,
			);
			productRefGroup = C15754F127FB5E1B00F2F44D /* Products */;
			projectDirPath = "";
			projectRoot = "";
			targets = (
				C15754EF27FB5E1B00F2F44D /* RealmToDoApp */,
			);
		};
/* End PBXProject section */

/* Begin PBXResourcesBuildPhase section */
		C15754EE27FB5E1B00F2F44D /* Resources */ = {
			isa = PBXResourcesBuildPhase;
			buildActionMask = 2147483647;
			files = (
				C157550227FB602300F2F44D /* Launch Screen.storyboard in Resources */,
				C15754FB27FB5E1D00F2F44D /* Preview Assets.xcassets in Resources */,
				C15754F827FB5E1D00F2F44D /* Assets.xcassets in Resources */,
			);
			runOnlyForDeploymentPostprocessing = 0;
		};
/* End PBXResourcesBuildPhase section */

/* Begin PBXSourcesBuildPhase section */
		C15754EC27FB5E1B00F2F44D /* Sources */ = {
			isa = PBXSourcesBuildPhase;
			buildActionMask = 2147483647;
			files = (
				C157550A27FB62A200F2F44D /* ToDo.swift in Sources */,
				C15754F627FB5E1B00F2F44D /* ToDoListView.swift in Sources */,
				C157550D27FB757B00F2F44D /* ToDoListRow.swift in Sources */,
				C15754F427FB5E1B00F2F44D /* RealmToDoAppApp.swift in Sources */,
				C157551127FC05D500F2F44D /* Country.swift in Sources */,
				C157551527FC069D00F2F44D /* CountriesListView.swift in Sources */,
				C157550F27FBFAAF00F2F44D /* MainTabView.swift in Sources */,
				C157551327FC062000F2F44D /* City.swift in Sources */,
			);
			runOnlyForDeploymentPostprocessing = 0;
		};
/* End PBXSourcesBuildPhase section */

/* Begin XCBuildConfiguration section */
		C15754FC27FB5E1D00F2F44D /* Debug */ = {
			isa = XCBuildConfiguration;
			buildSettings = {
				ALWAYS_SEARCH_USER_PATHS = NO;
				CLANG_ANALYZER_NONNULL = YES;
				CLANG_ANALYZER_NUMBER_OBJECT_CONVERSION = YES_AGGRESSIVE;
				CLANG_CXX_LANGUAGE_STANDARD = "gnu++17";
				CLANG_ENABLE_MODULES = YES;
				CLANG_ENABLE_OBJC_ARC = YES;
				CLANG_ENABLE_OBJC_WEAK = YES;
				CLANG_WARN_BLOCK_CAPTURE_AUTORELEASING = YES;
				CLANG_WARN_BOOL_CONVERSION = YES;
				CLANG_WARN_COMMA = YES;
				CLANG_WARN_CONSTANT_CONVERSION = YES;
				CLANG_WARN_DEPRECATED_OBJC_IMPLEMENTATIONS = YES;
				CLANG_WARN_DIRECT_OBJC_ISA_USAGE = YES_ERROR;
				CLANG_WARN_DOCUMENTATION_COMMENTS = YES;
				CLANG_WARN_EMPTY_BODY = YES;
				CLANG_WARN_ENUM_CONVERSION = YES;
				CLANG_WARN_INFINITE_RECURSION = YES;
				CLANG_WARN_INT_CONVERSION = YES;
				CLANG_WARN_NON_LITERAL_NULL_CONVERSION = YES;
				CLANG_WARN_OBJC_IMPLICIT_RETAIN_SELF = YES;
				CLANG_WARN_OBJC_LITERAL_CONVERSION = YES;
				CLANG_WARN_OBJC_ROOT_CLASS = YES_ERROR;
				CLANG_WARN_QUOTED_INCLUDE_IN_FRAMEWORK_HEADER = YES;
				CLANG_WARN_RANGE_LOOP_ANALYSIS = YES;
				CLANG_WARN_STRICT_PROTOTYPES = YES;
				CLANG_WARN_SUSPICIOUS_MOVE = YES;
				CLANG_WARN_UNGUARDED_AVAILABILITY = YES_AGGRESSIVE;
				CLANG_WARN_UNREACHABLE_CODE = YES;
				CLANG_WARN__DUPLICATE_METHOD_MATCH = YES;
				COPY_PHASE_STRIP = NO;
				DEBUG_INFORMATION_FORMAT = dwarf;
				ENABLE_STRICT_OBJC_MSGSEND = YES;
				ENABLE_TESTABILITY = YES;
				GCC_C_LANGUAGE_STANDARD = gnu11;
				GCC_DYNAMIC_NO_PIC = NO;
				GCC_NO_COMMON_BLOCKS = YES;
				GCC_OPTIMIZATION_LEVEL = 0;
				GCC_PREPROCESSOR_DEFINITIONS = (
					"DEBUG=1",
					"$(inherited)",
				);
				GCC_WARN_64_TO_32_BIT_CONVERSION = YES;
				GCC_WARN_ABOUT_RETURN_TYPE = YES_ERROR;
				GCC_WARN_UNDECLARED_SELECTOR = YES;
				GCC_WARN_UNINITIALIZED_AUTOS = YES_AGGRESSIVE;
				GCC_WARN_UNUSED_FUNCTION = YES;
				GCC_WARN_UNUSED_VARIABLE = YES;
				IPHONEOS_DEPLOYMENT_TARGET = 15.0;
				MTL_ENABLE_DEBUG_INFO = INCLUDE_SOURCE;
				MTL_FAST_MATH = YES;
				ONLY_ACTIVE_ARCH = YES;
				SDKROOT = iphoneos;
				SWIFT_ACTIVE_COMPILATION_CONDITIONS = DEBUG;
				SWIFT_OPTIMIZATION_LEVEL = "-Onone";
			};
			name = Debug;
		};
		C15754FD27FB5E1D00F2F44D /* Release */ = {
			isa = XCBuildConfiguration;
			buildSettings = {
				ALWAYS_SEARCH_USER_PATHS = NO;
				CLANG_ANALYZER_NONNULL = YES;
				CLANG_ANALYZER_NUMBER_OBJECT_CONVERSION = YES_AGGRESSIVE;
				CLANG_CXX_LANGUAGE_STANDARD = "gnu++17";
				CLANG_ENABLE_MODULES = YES;
				CLANG_ENABLE_OBJC_ARC = YES;
				CLANG_ENABLE_OBJC_WEAK = YES;
				CLANG_WARN_BLOCK_CAPTURE_AUTORELEASING = YES;
				CLANG_WARN_BOOL_CONVERSION = YES;
				CLANG_WARN_COMMA = YES;
				CLANG_WARN_CONSTANT_CONVERSION = YES;
				CLANG_WARN_DEPRECATED_OBJC_IMPLEMENTATIONS = YES;
				CLANG_WARN_DIRECT_OBJC_ISA_USAGE = YES_ERROR;
				CLANG_WARN_DOCUMENTATION_COMMENTS = YES;
				CLANG_WARN_EMPTY_BODY = YES;
				CLANG_WARN_ENUM_CONVERSION = YES;
				CLANG_WARN_INFINITE_RECURSION = YES;
				CLANG_WARN_INT_CONVERSION = YES;
				CLANG_WARN_NON_LITERAL_NULL_CONVERSION = YES;
				CLANG_WARN_OBJC_IMPLICIT_RETAIN_SELF = YES;
				CLANG_WARN_OBJC_LITERAL_CONVERSION = YES;
				CLANG_WARN_OBJC_ROOT_CLASS = YES_ERROR;
				CLANG_WARN_QUOTED_INCLUDE_IN_FRAMEWORK_HEADER = YES;
				CLANG_WARN_RANGE_LOOP_ANALYSIS = YES;
				CLANG_WARN_STRICT_PROTOTYPES = YES;
				CLANG_WARN_SUSPICIOUS_MOVE = YES;
				CLANG_WARN_UNGUARDED_AVAILABILITY = YES_AGGRESSIVE;
				CLANG_WARN_UNREACHABLE_CODE = YES;
				CLANG_WARN__DUPLICATE_METHOD_MATCH = YES;
				COPY_PHASE_STRIP = NO;
				DEBUG_INFORMATION_FORMAT = "dwarf-with-dsym";
				ENABLE_NS_ASSERTIONS = NO;
				ENABLE_STRICT_OBJC_MSGSEND = YES;
				GCC_C_LANGUAGE_STANDARD = gnu11;
				GCC_NO_COMMON_BLOCKS = YES;
				GCC_WARN_64_TO_32_BIT_CONVERSION = YES;
				GCC_WARN_ABOUT_RETURN_TYPE = YES_ERROR;
				GCC_WARN_UNDECLARED_SELECTOR = YES;
				GCC_WARN_UNINITIALIZED_AUTOS = YES_AGGRESSIVE;
				GCC_WARN_UNUSED_FUNCTION = YES;
				GCC_WARN_UNUSED_VARIABLE = YES;
				IPHONEOS_DEPLOYMENT_TARGET = 15.0;
				MTL_ENABLE_DEBUG_INFO = NO;
				MTL_FAST_MATH = YES;
				SDKROOT = iphoneos;
				SWIFT_COMPILATION_MODE = wholemodule;
				SWIFT_OPTIMIZATION_LEVEL = "-O";
				VALIDATE_PRODUCT = YES;
			};
			name = Release;
		};
		C15754FF27FB5E1D00F2F44D /* Debug */ = {
			isa = XCBuildConfiguration;
			buildSettings = {
				ASSETCATALOG_COMPILER_APPICON_NAME = AppIcon;
				ASSETCATALOG_COMPILER_GLOBAL_ACCENT_COLOR_NAME = AccentColor;
				CODE_SIGN_STYLE = Automatic;
				CURRENT_PROJECT_VERSION = 1;
				DEVELOPMENT_ASSET_PATHS = "\"RealmToDoApp/Preview Content\"";
				DEVELOPMENT_TEAM = A5LBYGCGKX;
				ENABLE_PREVIEWS = YES;
				GENERATE_INFOPLIST_FILE = YES;
				INFOPLIST_KEY_UIApplicationSceneManifest_Generation = YES;
				INFOPLIST_KEY_UIApplicationSupportsIndirectInputEvents = YES;
				INFOPLIST_KEY_UILaunchScreen_Generation = YES;
				INFOPLIST_KEY_UILaunchStoryboardName = "Launch Screen";
				INFOPLIST_KEY_UISupportedInterfaceOrientations_iPad = "UIInterfaceOrientationPortrait UIInterfaceOrientationPortraitUpsideDown UIInterfaceOrientationLandscapeLeft UIInterfaceOrientationLandscapeRight";
				INFOPLIST_KEY_UISupportedInterfaceOrientations_iPhone = "UIInterfaceOrientationPortrait UIInterfaceOrientationLandscapeLeft UIInterfaceOrientationLandscapeRight";
				LD_RUNPATH_SEARCH_PATHS = (
					"$(inherited)",
					"@executable_path/Frameworks",
				);
				MARKETING_VERSION = 1.0;
				PRODUCT_BUNDLE_IDENTIFIER = com.tistory.bicycleforthemind.RealmToDoApp;
				PRODUCT_NAME = "$(TARGET_NAME)";
				SWIFT_EMIT_LOC_STRINGS = YES;
				SWIFT_VERSION = 5.0;
				TARGETED_DEVICE_FAMILY = "1,2";
			};
			name = Debug;
		};
		C157550027FB5E1D00F2F44D /* Release */ = {
			isa = XCBuildConfiguration;
			buildSettings = {
				ASSETCATALOG_COMPILER_APPICON_NAME = AppIcon;
				ASSETCATALOG_COMPILER_GLOBAL_ACCENT_COLOR_NAME = AccentColor;
				CODE_SIGN_STYLE = Automatic;
				CURRENT_PROJECT_VERSION = 1;
				DEVELOPMENT_ASSET_PATHS = "\"RealmToDoApp/Preview Content\"";
				DEVELOPMENT_TEAM = A5LBYGCGKX;
				ENABLE_PREVIEWS = YES;
				GENERATE_INFOPLIST_FILE = YES;
				INFOPLIST_KEY_UIApplicationSceneManifest_Generation = YES;
				INFOPLIST_KEY_UIApplicationSupportsIndirectInputEvents = YES;
				INFOPLIST_KEY_UILaunchScreen_Generation = YES;
				INFOPLIST_KEY_UILaunchStoryboardName = "Launch Screen";
				INFOPLIST_KEY_UISupportedInterfaceOrientations_iPad = "UIInterfaceOrientationPortrait UIInterfaceOrientationPortraitUpsideDown UIInterfaceOrientationLandscapeLeft UIInterfaceOrientationLandscapeRight";
				INFOPLIST_KEY_UISupportedInterfaceOrientations_iPhone = "UIInterfaceOrientationPortrait UIInterfaceOrientationLandscapeLeft UIInterfaceOrientationLandscapeRight";
				LD_RUNPATH_SEARCH_PATHS = (
					"$(inherited)",
					"@executable_path/Frameworks",
				);
				MARKETING_VERSION = 1.0;
				PRODUCT_BUNDLE_IDENTIFIER = com.tistory.bicycleforthemind.RealmToDoApp;
				PRODUCT_NAME = "$(TARGET_NAME)";
				SWIFT_EMIT_LOC_STRINGS = YES;
				SWIFT_VERSION = 5.0;
				TARGETED_DEVICE_FAMILY = "1,2";
			};
			name = Release;
		};
/* End XCBuildConfiguration section */

/* Begin XCConfigurationList section */
		C15754EB27FB5E1B00F2F44D /* Build configuration list for PBXProject "RealmToDoApp" */ = {
			isa = XCConfigurationList;
			buildConfigurations = (
				C15754FC27FB5E1D00F2F44D /* Debug */,
				C15754FD27FB5E1D00F2F44D /* Release */,
			);
			defaultConfigurationIsVisible = 0;
			defaultConfigurationName = Release;
		};
		C15754FE27FB5E1D00F2F44D /* Build configuration list for PBXNativeTarget "RealmToDoApp" */ = {
			isa = XCConfigurationList;
			buildConfigurations = (
				C15754FF27FB5E1D00F2F44D /* Debug */,
				C157550027FB5E1D00F2F44D /* Release */,
			);
			defaultConfigurationIsVisible = 0;
			defaultConfigurationName = Release;
		};
/* End XCConfigurationList section */

/* Begin XCRemoteSwiftPackageReference section */
		C157550327FB621800F2F44D /* XCRemoteSwiftPackageReference "realm-swift" */ = {
			isa = XCRemoteSwiftPackageReference;
			repositoryURL = "https://github.com/realm/realm-swift.git";
			requirement = {
				branch = master;
				kind = branch;
			};
		};
/* End XCRemoteSwiftPackageReference section */

/* Begin XCSwiftPackageProductDependency section */
		C157550427FB621800F2F44D /* Realm */ = {
			isa = XCSwiftPackageProductDependency;
			package = C157550327FB621800F2F44D /* XCRemoteSwiftPackageReference "realm-swift" */;
			productName = Realm;
		};
		C157550627FB621800F2F44D /* RealmSwift */ = {
			isa = XCSwiftPackageProductDependency;
			package = C157550327FB621800F2F44D /* XCRemoteSwiftPackageReference "realm-swift" */;
			productName = RealmSwift;
		};
/* End XCSwiftPackageProductDependency section */
	};
	rootObject = C15754E827FB5E1B00F2F44D /* Project object */;
}
